
Microsoft Visual Studio Solution File, Format Version 12.00
# Visual Studio 15
VisualStudioVersion = 15.0.27428.2043
MinimumVisualStudioVersion = 10.0.40219.1
Project("{2150E333-8FDC-42A3-9474-1A3956D46DE8}") = "Learning", "Learning", "{EDC275B9-AC83-4460-BE48-A968AC7C8E21}"
EndProject
Project("{2150E333-8FDC-42A3-9474-1A3956D46DE8}") = "MathLearning", "MathLearning", "{27785B12-E55E-43F8-A72E-767B7AD3CBEF}"
EndProject
Project("{FAE04EC0-301F-11D3-BF4B-00C04F79EFBC}") = "BS.MathLearningView", "BS.MathLearningView\BS.MathLearningView.csproj", "{F7D3B66B-2CCA-409C-8BFD-FD1D8DFE84DE}"
EndProject
Project("{FAE04EC0-301F-11D3-BF4B-00C04F79EFBC}") = "CL.BS.MathLearningVM", "CL.BS.MathLearningVM\CL.BS.MathLearningVM.csproj", "{DFD6427A-6F68-4EFE-A0BD-69E99FDD70BE}"
EndProject
Project("{2150E333-8FDC-42A3-9474-1A3956D46DE8}") = "Notions", "Notions", "{4A0A334F-E6D6-45F2-92FA-67846484B371}"
EndProject
Project("{2150E333-8FDC-42A3-9474-1A3956D46DE8}") = "Shapes", "Shapes", "{8D43B0F4-84D3-4EDD-836C-C49231EFAC46}"
EndProject
Project("{2150E333-8FDC-42A3-9474-1A3956D46DE8}") = "Hebrew", "Hebrew", "{450C2808-F80F-4362-BF70-F9A0F1E743AE}"
EndProject
Project("{FAE04EC0-301F-11D3-BF4B-00C04F79EFBC}") = "BS.HebrewView", "BS.HebrewView\BS.HebrewView.csproj", "{4C22888D-6AA1-4FC8-B6D6-C6D09E6FDDC8}"
EndProject
Project("{FAE04EC0-301F-11D3-BF4B-00C04F79EFBC}") = "CL.BS.HebrewVM", "CL.BS.HebrewVM\CL.BS.HebrewVM.csproj", "{B47045DE-031E-445C-B571-5CF145C98E8F}"
EndProject
Project("{FAE04EC0-301F-11D3-BF4B-00C04F79EFBC}") = "CL.BS.NotionsVM", "CL.BS.NotionsVM\CL.BS.NotionsVM.csproj", "{BB609D58-22CD-47A3-AA95-C2893DA24ED1}"
EndProject
Project("{FAE04EC0-301F-11D3-BF4B-00C04F79EFBC}") = "BS.NotionsView", "BS.NotionsView\BS.NotionsView.csproj", "{962E8F2E-65BC-4E91-9DB4-92E5AA33F02F}"
EndProject
Project("{FAE04EC0-301F-11D3-BF4B-00C04F79EFBC}") = "BS.ShapesView", "BS.ShapesView\BS.ShapesView.csproj", "{5C5FF87A-7BC7-4E37-8AB6-CF146CE7B270}"
EndProject
Project("{FAE04EC0-301F-11D3-BF4B-00C04F79EFBC}") = "CL.BS.ShapesVM", "CL.BS.ShapesVM\CL.BS.ShapesVM.csproj", "{41AE5682-9124-4D25-BCD2-CA312E8FF6D1}"
EndProject
Project("{FAE04EC0-301F-11D3-BF4B-00C04F79EFBC}") = "WpfBrainStation", "WpfBrainStation\WpfBrainStation.csproj", "{93A0692A-7516-4ED1-9DAF-D642D26EBAB6}"
EndProject
Project("{FAE04EC0-301F-11D3-BF4B-00C04F79EFBC}") = "BS.Items", "BS.Items\BS.Items.csproj", "{0802E63B-AB77-4DB8-ADA4-A2700D8160D2}"
EndProject
Project("{FAE04EC0-301F-11D3-BF4B-00C04F79EFBC}") = "CL.BS.Accessor", "CL.BS.Accessories\CL.BS.Accessor.csproj", "{B6D0F31E-1B42-4531-BE03-F9686C41771C}"
EndProject
Project("{FAE04EC0-301F-11D3-BF4B-00C04F79EFBC}") = "CL.BS.Common", "CL.BS.Common\CL.BS.Common.csproj", "{8B159741-6442-4B26-A6CE-77BF7D0D70FE}"
EndProject
Project("{FAE04EC0-301F-11D3-BF4B-00C04F79EFBC}") = "CL.BS.Contract", "CL.BS.Contract\CL.BS.Contract.csproj", "{BCEDF1BA-7729-410E-8C4A-3C253328C55C}"
EndProject
Project("{FAE04EC0-301F-11D3-BF4B-00C04F79EFBC}") = "CL.BS.Database", "CL.BS.Database\CL.BS.Database.csproj", "{4414B806-0F49-4CE7-87DF-309D7C6C3174}"
EndProject
Project("{FAE04EC0-301F-11D3-BF4B-00C04F79EFBC}") = "CL.BS.MEF", "CL.BS.MEF\CL.BS.MEF.csproj", "{681BFCFC-6B4B-4800-ABAE-441F4C4BB0C2}"
EndProject
Project("{FAE04EC0-301F-11D3-BF4B-00C04F79EFBC}") = "CL.BS.VMCommon", "CL.BS.VMCommon\CL.BS.VMCommon.csproj", "{8F15150F-E7DC-42B3-8556-C6F975E8C392}"
EndProject
Project("{FAE04EC0-301F-11D3-BF4B-00C04F79EFBC}") = "Localization", "Localization\Localization.csproj", "{6C0438EF-C94D-4A3E-B14C-92575FECEE6C}"
EndProject
Project("{2150E333-8FDC-42A3-9474-1A3956D46DE8}") = "Common", "Common", "{CB8C5D68-E967-4BD1-B309-E7E605805EBD}"
EndProject
Project("{FAE04EC0-301F-11D3-BF4B-00C04F79EFBC}") = "CL.BS.MathLearningManager", "CL.BS.MathLearningManager\CL.BS.MathLearningManager.csproj", "{72A640D3-80FF-47AA-BE3C-810B5D1701C2}"
EndProject
Project("{FAE04EC0-301F-11D3-BF4B-00C04F79EFBC}") = "CL.BS.EnglishVM", "CL.BS.EnglishVM\CL.BS.EnglishVM.csproj", "{33B7F26B-1D97-4F10-A246-0001A416BE1D}"
EndProject
Project("{FAE04EC0-301F-11D3-BF4B-00C04F79EFBC}") = "BS.EnglishViews", "BS.EnglishViews\BS.EnglishViews.csproj", "{DCA47214-2F45-4A4B-A332-F12156011433}"
EndProject
Project("{FAE04EC0-301F-11D3-BF4B-00C04F79EFBC}") = "CL.BS.EnglishManager", "CL.BS.EnglishManager\CL.BS.EnglishManager.csproj", "{02B10955-59BB-4BA7-B6C5-16A61887846B}"
EndProject
Project("{2150E333-8FDC-42A3-9474-1A3956D46DE8}") = "English", "English", "{C55D33C3-032B-4C55-8648-D67D3A07846F}"
EndProject
Project("{2150E333-8FDC-42A3-9474-1A3956D46DE8}") = "Menu", "Menu", "{5FF03D73-DC88-46FF-8B65-015586DE3C25}"
EndProject
Project("{FAE04EC0-301F-11D3-BF4B-00C04F79EFBC}") = "BS.MenuViews", "BS.MenuViews\BS.MenuViews.csproj", "{D575353C-C711-43FB-9274-B8FE7431FFD0}"
EndProject
Project("{FAE04EC0-301F-11D3-BF4B-00C04F79EFBC}") = "CL.BS.MenuVM", "CL.BS.MenuVM\CL.BS.MenuVM.csproj", "{D83FF310-6EC4-4699-B680-F161590969C1}"
EndProject
Project("{FAE04EC0-301F-11D3-BF4B-00C04F79EFBC}") = "CL.BS.ShapesManager", "CL.BS.ShapesManager\CL.BS.ShapesManager.csproj", "{7CAF33E3-4137-48F3-83BB-94D8001ADC68}"
EndProject
Project("{FAE04EC0-301F-11D3-BF4B-00C04F79EFBC}") = "CL.BS.NotionsManager", "CL.BS.NotionsManager\CL.BS.NotionsManager.csproj", "{BE9E2A19-C496-4BFF-9111-28E02C78E0E4}"
EndProject
Global
	GlobalSection(SolutionConfigurationPlatforms) = preSolution
		Debug|Any CPU = Debug|Any CPU
		Release|Any CPU = Release|Any CPU
	EndGlobalSection
	GlobalSection(ProjectConfigurationPlatforms) = postSolution
		{F7D3B66B-2CCA-409C-8BFD-FD1D8DFE84DE}.Debug|Any CPU.ActiveCfg = Debug|Any CPU
		{F7D3B66B-2CCA-409C-8BFD-FD1D8DFE84DE}.Debug|Any CPU.Build.0 = Debug|Any CPU
		{F7D3B66B-2CCA-409C-8BFD-FD1D8DFE84DE}.Release|Any CPU.ActiveCfg = Release|Any CPU
		{F7D3B66B-2CCA-409C-8BFD-FD1D8DFE84DE}.Release|Any CPU.Build.0 = Release|Any CPU
		{DFD6427A-6F68-4EFE-A0BD-69E99FDD70BE}.Debug|Any CPU.ActiveCfg = Debug|Any CPU
		{DFD6427A-6F68-4EFE-A0BD-69E99FDD70BE}.Debug|Any CPU.Build.0 = Debug|Any CPU
		{DFD6427A-6F68-4EFE-A0BD-69E99FDD70BE}.Release|Any CPU.ActiveCfg = Release|Any CPU
		{DFD6427A-6F68-4EFE-A0BD-69E99FDD70BE}.Release|Any CPU.Build.0 = Release|Any CPU
		{4C22888D-6AA1-4FC8-B6D6-C6D09E6FDDC8}.Debug|Any CPU.ActiveCfg = Debug|Any CPU
		{4C22888D-6AA1-4FC8-B6D6-C6D09E6FDDC8}.Debug|Any CPU.Build.0 = Debug|Any CPU
		{4C22888D-6AA1-4FC8-B6D6-C6D09E6FDDC8}.Release|Any CPU.ActiveCfg = Release|Any CPU
		{4C22888D-6AA1-4FC8-B6D6-C6D09E6FDDC8}.Release|Any CPU.Build.0 = Release|Any CPU
		{B47045DE-031E-445C-B571-5CF145C98E8F}.Debug|Any CPU.ActiveCfg = Debug|Any CPU
		{B47045DE-031E-445C-B571-5CF145C98E8F}.Debug|Any CPU.Build.0 = Debug|Any CPU
		{B47045DE-031E-445C-B571-5CF145C98E8F}.Release|Any CPU.ActiveCfg = Release|Any CPU
		{B47045DE-031E-445C-B571-5CF145C98E8F}.Release|Any CPU.Build.0 = Release|Any CPU
		{BB609D58-22CD-47A3-AA95-C2893DA24ED1}.Debug|Any CPU.ActiveCfg = Debug|Any CPU
		{BB609D58-22CD-47A3-AA95-C2893DA24ED1}.Debug|Any CPU.Build.0 = Debug|Any CPU
		{BB609D58-22CD-47A3-AA95-C2893DA24ED1}.Release|Any CPU.ActiveCfg = Release|Any CPU
		{BB609D58-22CD-47A3-AA95-C2893DA24ED1}.Release|Any CPU.Build.0 = Release|Any CPU
		{962E8F2E-65BC-4E91-9DB4-92E5AA33F02F}.Debug|Any CPU.ActiveCfg = Debug|Any CPU
		{962E8F2E-65BC-4E91-9DB4-92E5AA33F02F}.Debug|Any CPU.Build.0 = Debug|Any CPU
		{962E8F2E-65BC-4E91-9DB4-92E5AA33F02F}.Release|Any CPU.ActiveCfg = Release|Any CPU
		{962E8F2E-65BC-4E91-9DB4-92E5AA33F02F}.Release|Any CPU.Build.0 = Release|Any CPU
		{5C5FF87A-7BC7-4E37-8AB6-CF146CE7B270}.Debug|Any CPU.ActiveCfg = Debug|Any CPU
		{5C5FF87A-7BC7-4E37-8AB6-CF146CE7B270}.Debug|Any CPU.Build.0 = Debug|Any CPU
		{5C5FF87A-7BC7-4E37-8AB6-CF146CE7B270}.Release|Any CPU.ActiveCfg = Release|Any CPU
		{5C5FF87A-7BC7-4E37-8AB6-CF146CE7B270}.Release|Any CPU.Build.0 = Release|Any CPU
		{41AE5682-9124-4D25-BCD2-CA312E8FF6D1}.Debug|Any CPU.ActiveCfg = Debug|Any CPU
		{41AE5682-9124-4D25-BCD2-CA312E8FF6D1}.Debug|Any CPU.Build.0 = Debug|Any CPU
		{41AE5682-9124-4D25-BCD2-CA312E8FF6D1}.Release|Any CPU.ActiveCfg = Release|Any CPU
		{41AE5682-9124-4D25-BCD2-CA312E8FF6D1}.Release|Any CPU.Build.0 = Release|Any CPU
		{93A0692A-7516-4ED1-9DAF-D642D26EBAB6}.Debug|Any CPU.ActiveCfg = Debug|Any CPU
		{93A0692A-7516-4ED1-9DAF-D642D26EBAB6}.Debug|Any CPU.Build.0 = Debug|Any CPU
		{93A0692A-7516-4ED1-9DAF-D642D26EBAB6}.Release|Any CPU.ActiveCfg = Release|Any CPU
		{93A0692A-7516-4ED1-9DAF-D642D26EBAB6}.Release|Any CPU.Build.0 = Release|Any CPU
		{0802E63B-AB77-4DB8-ADA4-A2700D8160D2}.Debug|Any CPU.ActiveCfg = Debug|Any CPU
		{0802E63B-AB77-4DB8-ADA4-A2700D8160D2}.Debug|Any CPU.Build.0 = Debug|Any CPU
		{0802E63B-AB77-4DB8-ADA4-A2700D8160D2}.Release|Any CPU.ActiveCfg = Release|Any CPU
		{0802E63B-AB77-4DB8-ADA4-A2700D8160D2}.Release|Any CPU.Build.0 = Release|Any CPU
		{B6D0F31E-1B42-4531-BE03-F9686C41771C}.Debug|Any CPU.ActiveCfg = Debug|Any CPU
		{B6D0F31E-1B42-4531-BE03-F9686C41771C}.Debug|Any CPU.Build.0 = Debug|Any CPU
		{B6D0F31E-1B42-4531-BE03-F9686C41771C}.Release|Any CPU.ActiveCfg = Release|Any CPU
		{B6D0F31E-1B42-4531-BE03-F9686C41771C}.Release|Any CPU.Build.0 = Release|Any CPU
		{8B159741-6442-4B26-A6CE-77BF7D0D70FE}.Debug|Any CPU.ActiveCfg = Debug|Any CPU
		{8B159741-6442-4B26-A6CE-77BF7D0D70FE}.Debug|Any CPU.Build.0 = Debug|Any CPU
		{8B159741-6442-4B26-A6CE-77BF7D0D70FE}.Release|Any CPU.ActiveCfg = Release|Any CPU
		{8B159741-6442-4B26-A6CE-77BF7D0D70FE}.Release|Any CPU.Build.0 = Release|Any CPU
		{BCEDF1BA-7729-410E-8C4A-3C253328C55C}.Debug|Any CPU.ActiveCfg = Debug|Any CPU
		{BCEDF1BA-7729-410E-8C4A-3C253328C55C}.Debug|Any CPU.Build.0 = Debug|Any CPU
		{BCEDF1BA-7729-410E-8C4A-3C253328C55C}.Release|Any CPU.ActiveCfg = Release|Any CPU
		{BCEDF1BA-7729-410E-8C4A-3C253328C55C}.Release|Any CPU.Build.0 = Release|Any CPU
		{4414B806-0F49-4CE7-87DF-309D7C6C3174}.Debug|Any CPU.ActiveCfg = Debug|Any CPU
		{4414B806-0F49-4CE7-87DF-309D7C6C3174}.Debug|Any CPU.Build.0 = Debug|Any CPU
		{4414B806-0F49-4CE7-87DF-309D7C6C3174}.Release|Any CPU.ActiveCfg = Release|Any CPU
		{4414B806-0F49-4CE7-87DF-309D7C6C3174}.Release|Any CPU.Build.0 = Release|Any CPU
		{681BFCFC-6B4B-4800-ABAE-441F4C4BB0C2}.Debug|Any CPU.ActiveCfg = Debug|Any CPU
		{681BFCFC-6B4B-4800-ABAE-441F4C4BB0C2}.Debug|Any CPU.Build.0 = Debug|Any CPU
		{681BFCFC-6B4B-4800-ABAE-441F4C4BB0C2}.Release|Any CPU.ActiveCfg = Release|Any CPU
		{681BFCFC-6B4B-4800-ABAE-441F4C4BB0C2}.Release|Any CPU.Build.0 = Release|Any CPU
		{8F15150F-E7DC-42B3-8556-C6F975E8C392}.Debug|Any CPU.ActiveCfg = Debug|Any CPU
		{8F15150F-E7DC-42B3-8556-C6F975E8C392}.Debug|Any CPU.Build.0 = Debug|Any CPU
		{8F15150F-E7DC-42B3-8556-C6F975E8C392}.Release|Any CPU.ActiveCfg = Release|Any CPU
		{8F15150F-E7DC-42B3-8556-C6F975E8C392}.Release|Any CPU.Build.0 = Release|Any CPU
		{6C0438EF-C94D-4A3E-B14C-92575FECEE6C}.Debug|Any CPU.ActiveCfg = Debug|Any CPU
		{6C0438EF-C94D-4A3E-B14C-92575FECEE6C}.Debug|Any CPU.Build.0 = Debug|Any CPU
		{6C0438EF-C94D-4A3E-B14C-92575FECEE6C}.Release|Any CPU.ActiveCfg = Release|Any CPU
		{6C0438EF-C94D-4A3E-B14C-92575FECEE6C}.Release|Any CPU.Build.0 = Release|Any CPU
		{72A640D3-80FF-47AA-BE3C-810B5D1701C2}.Debug|Any CPU.ActiveCfg = Debug|Any CPU
		{72A640D3-80FF-47AA-BE3C-810B5D1701C2}.Debug|Any CPU.Build.0 = Debug|Any CPU
		{72A640D3-80FF-47AA-BE3C-810B5D1701C2}.Release|Any CPU.ActiveCfg = Release|Any CPU
		{72A640D3-80FF-47AA-BE3C-810B5D1701C2}.Release|Any CPU.Build.0 = Release|Any CPU
		{33B7F26B-1D97-4F10-A246-0001A416BE1D}.Debug|Any CPU.ActiveCfg = Debug|Any CPU
		{33B7F26B-1D97-4F10-A246-0001A416BE1D}.Debug|Any CPU.Build.0 = Debug|Any CPU
		{33B7F26B-1D97-4F10-A246-0001A416BE1D}.Release|Any CPU.ActiveCfg = Release|Any CPU
		{33B7F26B-1D97-4F10-A246-0001A416BE1D}.Release|Any CPU.Build.0 = Release|Any CPU
		{DCA47214-2F45-4A4B-A332-F12156011433}.Debug|Any CPU.ActiveCfg = Debug|Any CPU
		{DCA47214-2F45-4A4B-A332-F12156011433}.Debug|Any CPU.Build.0 = Debug|Any CPU
		{DCA47214-2F45-4A4B-A332-F12156011433}.Release|Any CPU.ActiveCfg = Release|Any CPU
		{DCA47214-2F45-4A4B-A332-F12156011433}.Release|Any CPU.Build.0 = Release|Any CPU
		{02B10955-59BB-4BA7-B6C5-16A61887846B}.Debug|Any CPU.ActiveCfg = Debug|Any CPU
		{02B10955-59BB-4BA7-B6C5-16A61887846B}.Debug|Any CPU.Build.0 = Debug|Any CPU
		{02B10955-59BB-4BA7-B6C5-16A61887846B}.Release|Any CPU.ActiveCfg = Release|Any CPU
		{02B10955-59BB-4BA7-B6C5-16A61887846B}.Release|Any CPU.Build.0 = Release|Any CPU
		{D575353C-C711-43FB-9274-B8FE7431FFD0}.Debug|Any CPU.ActiveCfg = Debug|Any CPU
		{D575353C-C711-43FB-9274-B8FE7431FFD0}.Debug|Any CPU.Build.0 = Debug|Any CPU
		{D575353C-C711-43FB-9274-B8FE7431FFD0}.Release|Any CPU.ActiveCfg = Release|Any CPU
		{D575353C-C711-43FB-9274-B8FE7431FFD0}.Release|Any CPU.Build.0 = Release|Any CPU
		{D83FF310-6EC4-4699-B680-F161590969C1}.Debug|Any CPU.ActiveCfg = Debug|Any CPU
		{D83FF310-6EC4-4699-B680-F161590969C1}.Debug|Any CPU.Build.0 = Debug|Any CPU
		{D83FF310-6EC4-4699-B680-F161590969C1}.Release|Any CPU.ActiveCfg = Release|Any CPU
		{D83FF310-6EC4-4699-B680-F161590969C1}.Release|Any CPU.Build.0 = Release|Any CPU
		{7CAF33E3-4137-48F3-83BB-94D8001ADC68}.Debug|Any CPU.ActiveCfg = Debug|Any CPU
		{7CAF33E3-4137-48F3-83BB-94D8001ADC68}.Debug|Any CPU.Build.0 = Debug|Any CPU
		{7CAF33E3-4137-48F3-83BB-94D8001ADC68}.Release|Any CPU.ActiveCfg = Release|Any CPU
		{7CAF33E3-4137-48F3-83BB-94D8001ADC68}.Release|Any CPU.Build.0 = Release|Any CPU
		{BE9E2A19-C496-4BFF-9111-28E02C78E0E4}.Debug|Any CPU.ActiveCfg = Debug|Any CPU
		{BE9E2A19-C496-4BFF-9111-28E02C78E0E4}.Debug|Any CPU.Build.0 = Debug|Any CPU
		{BE9E2A19-C496-4BFF-9111-28E02C78E0E4}.Release|Any CPU.ActiveCfg = Release|Any CPU
		{BE9E2A19-C496-4BFF-9111-28E02C78E0E4}.Release|Any CPU.Build.0 = Release|Any CPU
	EndGlobalSection
	GlobalSection(SolutionProperties) = preSolution
		HideSolutionNode = FALSE
	EndGlobalSection
	GlobalSection(NestedProjects) = preSolution
		{27785B12-E55E-43F8-A72E-767B7AD3CBEF} = {EDC275B9-AC83-4460-BE48-A968AC7C8E21}
		{F7D3B66B-2CCA-409C-8BFD-FD1D8DFE84DE} = {27785B12-E55E-43F8-A72E-767B7AD3CBEF}
		{DFD6427A-6F68-4EFE-A0BD-69E99FDD70BE} = {27785B12-E55E-43F8-A72E-767B7AD3CBEF}
		{4A0A334F-E6D6-45F2-92FA-67846484B371} = {EDC275B9-AC83-4460-BE48-A968AC7C8E21}
		{8D43B0F4-84D3-4EDD-836C-C49231EFAC46} = {EDC275B9-AC83-4460-BE48-A968AC7C8E21}
		{450C2808-F80F-4362-BF70-F9A0F1E743AE} = {EDC275B9-AC83-4460-BE48-A968AC7C8E21}
		{4C22888D-6AA1-4FC8-B6D6-C6D09E6FDDC8} = {450C2808-F80F-4362-BF70-F9A0F1E743AE}
		{B47045DE-031E-445C-B571-5CF145C98E8F} = {450C2808-F80F-4362-BF70-F9A0F1E743AE}
		{BB609D58-22CD-47A3-AA95-C2893DA24ED1} = {4A0A334F-E6D6-45F2-92FA-67846484B371}
		{962E8F2E-65BC-4E91-9DB4-92E5AA33F02F} = {4A0A334F-E6D6-45F2-92FA-67846484B371}
		{5C5FF87A-7BC7-4E37-8AB6-CF146CE7B270} = {8D43B0F4-84D3-4EDD-836C-C49231EFAC46}
		{41AE5682-9124-4D25-BCD2-CA312E8FF6D1} = {8D43B0F4-84D3-4EDD-836C-C49231EFAC46}
		{0802E63B-AB77-4DB8-ADA4-A2700D8160D2} = {CB8C5D68-E967-4BD1-B309-E7E605805EBD}
		{B6D0F31E-1B42-4531-BE03-F9686C41771C} = {CB8C5D68-E967-4BD1-B309-E7E605805EBD}
		{8B159741-6442-4B26-A6CE-77BF7D0D70FE} = {CB8C5D68-E967-4BD1-B309-E7E605805EBD}
		{BCEDF1BA-7729-410E-8C4A-3C253328C55C} = {CB8C5D68-E967-4BD1-B309-E7E605805EBD}
		{4414B806-0F49-4CE7-87DF-309D7C6C3174} = {CB8C5D68-E967-4BD1-B309-E7E605805EBD}
		{681BFCFC-6B4B-4800-ABAE-441F4C4BB0C2} = {CB8C5D68-E967-4BD1-B309-E7E605805EBD}
		{8F15150F-E7DC-42B3-8556-C6F975E8C392} = {CB8C5D68-E967-4BD1-B309-E7E605805EBD}
		{6C0438EF-C94D-4A3E-B14C-92575FECEE6C} = {CB8C5D68-E967-4BD1-B309-E7E605805EBD}
		{72A640D3-80FF-47AA-BE3C-810B5D1701C2} = {27785B12-E55E-43F8-A72E-767B7AD3CBEF}
		{33B7F26B-1D97-4F10-A246-0001A416BE1D} = {C55D33C3-032B-4C55-8648-D67D3A07846F}
		{DCA47214-2F45-4A4B-A332-F12156011433} = {C55D33C3-032B-4C55-8648-D67D3A07846F}
		{02B10955-59BB-4BA7-B6C5-16A61887846B} = {C55D33C3-032B-4C55-8648-D67D3A07846F}
		{C55D33C3-032B-4C55-8648-D67D3A07846F} = {EDC275B9-AC83-4460-BE48-A968AC7C8E21}
		{5FF03D73-DC88-46FF-8B65-015586DE3C25} = {EDC275B9-AC83-4460-BE48-A968AC7C8E21}
		{D575353C-C711-43FB-9274-B8FE7431FFD0} = {5FF03D73-DC88-46FF-8B65-015586DE3C25}
		{D83FF310-6EC4-4699-B680-F161590969C1} = {5FF03D73-DC88-46FF-8B65-015586DE3C25}
		{7CAF33E3-4137-48F3-83BB-94D8001ADC68} = {8D43B0F4-84D3-4EDD-836C-C49231EFAC46}
		{BE9E2A19-C496-4BFF-9111-28E02C78E0E4} = {4A0A334F-E6D6-45F2-92FA-67846484B371}
	EndGlobalSection
	GlobalSection(ExtensibilityGlobals) = postSolution
		SolutionGuid = {E471ED3B-E8A3-4848-A4B8-3021FBB69A5A}
	EndGlobalSection
EndGlobal
